
Microsoft Visual Studio Solution File, Format Version 12.00
# Visual Studio Version 16
VisualStudioVersion = 16.0.31005.135
MinimumVisualStudioVersion = 10.0.40219.1
Project("{9A19103F-16F7-4668-BE54-9A1E7A4F7556}") = "Entities", "Entities\Entities.csproj", "{12BD0CA0-B8C1-4399-BEAB-F51CE303D94D}"
EndProject
Project("{9A19103F-16F7-4668-BE54-9A1E7A4F7556}") = "DataAccess", "DataAccess\DataAccess.csproj", "{1C4F441E-C3D5-4981-8B8D-EAA2DE2C106B}"
EndProject
Project("{9A19103F-16F7-4668-BE54-9A1E7A4F7556}") = "Core", "Core\Core.csproj", "{0492F019-BED7-467C-A77E-C552DED86228}"
EndProject
Project("{9A19103F-16F7-4668-BE54-9A1E7A4F7556}") = "Business", "Business\Business.csproj", "{36B971C4-AA4F-46C4-8659-F893F2C19F7A}"
EndProject
Project("{FAE04EC0-301F-11D3-BF4B-00C04F79EFBC}") = "WebAPI", "WebAPI\WebAPI.csproj", "{C7714EA7-B917-475E-95CD-DB8C02C7095F}"
EndProject
Global
	GlobalSection(SolutionConfigurationPlatforms) = preSolution
		Debug|Any CPU = Debug|Any CPU
		Release|Any CPU = Release|Any CPU
	EndGlobalSection
	GlobalSection(ProjectConfigurationPlatforms) = postSolution
		{12BD0CA0-B8C1-4399-BEAB-F51CE303D94D}.Debug|Any CPU.ActiveCfg = Debug|Any CPU
		{12BD0CA0-B8C1-4399-BEAB-F51CE303D94D}.Debug|Any CPU.Build.0 = Debug|Any CPU
		{12BD0CA0-B8C1-4399-BEAB-F51CE303D94D}.Release|Any CPU.ActiveCfg = Release|Any CPU
		{12BD0CA0-B8C1-4399-BEAB-F51CE303D94D}.Release|Any CPU.Build.0 = Release|Any CPU
		{1C4F441E-C3D5-4981-8B8D-EAA2DE2C106B}.Debug|Any CPU.ActiveCfg = Debug|Any CPU
		{1C4F441E-C3D5-4981-8B8D-EAA2DE2C106B}.Debug|Any CPU.Build.0 = Debug|Any CPU
		{1C4F441E-C3D5-4981-8B8D-EAA2DE2C106B}.Release|Any CPU.ActiveCfg = Release|Any CPU
		{1C4F441E-C3D5-4981-8B8D-EAA2DE2C106B}.Release|Any CPU.Build.0 = Release|Any CPU
		{0492F019-BED7-467C-A77E-C552DED86228}.Debug|Any CPU.ActiveCfg = Debug|Any CPU
		{0492F019-BED7-467C-A77E-C552DED86228}.Debug|Any CPU.Build.0 = Debug|Any CPU
		{0492F019-BED7-467C-A77E-C552DED86228}.Release|Any CPU.ActiveCfg = Release|Any CPU
		{0492F019-BED7-467C-A77E-C552DED86228}.Release|Any CPU.Build.0 = Release|Any CPU
		{36B971C4-AA4F-46C4-8659-F893F2C19F7A}.Debug|Any CPU.ActiveCfg = Debug|Any CPU
		{36B971C4-AA4F-46C4-8659-F893F2C19F7A}.Debug|Any CPU.Build.0 = Debug|Any CPU
		{36B971C4-AA4F-46C4-8659-F893F2C19F7A}.Release|Any CPU.ActiveCfg = Release|Any CPU
		{36B971C4-AA4F-46C4-8659-F893F2C19F7A}.Release|Any CPU.Build.0 = Release|Any CPU
		{C7714EA7-B917-475E-95CD-DB8C02C7095F}.Debug|Any CPU.ActiveCfg = Debug|Any CPU
		{C7714EA7-B917-475E-95CD-DB8C02C7095F}.Debug|Any CPU.Build.0 = Debug|Any CPU
		{C7714EA7-B917-475E-95CD-DB8C02C7095F}.Release|Any CPU.ActiveCfg = Release|Any CPU
		{C7714EA7-B917-475E-95CD-DB8C02C7095F}.Release|Any CPU.Build.0 = Release|Any CPU
	EndGlobalSection
	GlobalSection(SolutionProperties) = preSolution
		HideSolutionNode = FALSE
	EndGlobalSection
	GlobalSection(ExtensibilityGlobals) = postSolution
		SolutionGuid = {CC12F189-DE42-4B11-932D-17AF3F1DFC79}
	EndGlobalSection
EndGlobal
